
Microsoft Visual Studio Solution File, Format Version 12.00
# Visual Studio Version 17
VisualStudioVersion = 17.11.35222.181
MinimumVisualStudioVersion = 10.0.40219.1
Project("{9A19103F-16F7-4668-BE54-9A1E7A4F7556}") = "PickMeUp.Core", "PickMeUp.Core\PickMeUp.Core.csproj", "{A432C642-71D4-4CC3-A4B9-E34BCDEB3CA6}"
EndProject
Project("{9A19103F-16F7-4668-BE54-9A1E7A4F7556}") = "PickMeUp.Api", "PickMeUp.Api\PickMeUp.Api.csproj", "{33F34343-DF8A-420E-B4D6-6F7F9224D26D}"
EndProject
Project("{2150E333-8FDC-42A3-9474-1A3956D46DE8}") = "UserService", "UserService", "{F807C71C-430B-4304-9DE6-B0CB9034E8A2}"
EndProject
Project("{9A19103F-16F7-4668-BE54-9A1E7A4F7556}") = "PickMeUp.User.Service", "UserService\PickMeUp.User.Service\PickMeUp.User.Service.csproj", "{CF16C0B3-3BBD-480F-9F1D-634CEB69A9FB}"
EndProject
Project("{9A19103F-16F7-4668-BE54-9A1E7A4F7556}") = "PickMeUp.User.API", "UserService\PickMeUp.User.API\PickMeUp.User.API.csproj", "{84C2701C-F413-4051-BAD3-2549A8D0572F}"
EndProject
Project("{9A19103F-16F7-4668-BE54-9A1E7A4F7556}") = "PickMeUp.User.Repository", "UserService\PickMeUp.User.Repository\PickMeUp.User.Repository.csproj", "{B9207E1B-4CB0-40E5-8ED6-DC6B677B747A}"
EndProject
Project("{9A19103F-16F7-4668-BE54-9A1E7A4F7556}") = "PickMeUp.Shared", "PickMeUp.Shared\PickMeUp.Shared.csproj", "{ECD007D9-407B-4B2A-AEB6-522A501AF624}"
EndProject
Project("{2150E333-8FDC-42A3-9474-1A3956D46DE8}") = "AuthService", "AuthService", "{1224054D-DD2A-45F1-A055-34B8BD8ECF1F}"
EndProject
Project("{9A19103F-16F7-4668-BE54-9A1E7A4F7556}") = "PickMeUp.Auth.API", "AuthService\PickMeUp.Auth.API\PickMeUp.Auth.API.csproj", "{9C9D0FED-97C1-40F6-9960-21E3C01B01A3}"
EndProject
Project("{9A19103F-16F7-4668-BE54-9A1E7A4F7556}") = "PickMeUp.Auth.Service", "AuthService\PickMeUp.Auth.Service\PickMeUp.Auth.Service.csproj", "{7BCD50C8-6F78-471F-9122-77B00AA24D16}"
EndProject
Project("{9A19103F-16F7-4668-BE54-9A1E7A4F7556}") = "PickMeUp.Auth.Repository", "AuthService\PickMeUp.Auth.Repository\PickMeUp.Auth.Repository.csproj", "{DDDE234D-39A1-4A2D-B016-5BDB687D673B}"
EndProject
Project("{9A19103F-16F7-4668-BE54-9A1E7A4F7556}") = "PickMeUp.Messaging", "PickMeUp.Messaging\PickMeUp.Messaging.csproj", "{BFD5D6A1-BA12-48EF-9D3A-2A4250C95C59}"
EndProject
Project("{2150E333-8FDC-42A3-9474-1A3956D46DE8}") = "Solution Items", "Solution Items", "{EC1B4F59-C152-4B58-859F-0C8F600DA413}"
	ProjectSection(SolutionItems) = preProject
		docker-compose.yml = docker-compose.yml
	EndProjectSection
EndProject
Project("{2150E333-8FDC-42A3-9474-1A3956D46DE8}") = "RideService", "RideService", "{139056F3-B982-48FF-8810-665123775943}"
EndProject
Project("{FAE04EC0-301F-11D3-BF4B-00C04F79EFBC}") = "PickMeUp.Ride.API", "RideService\PickMeUp.Ride.API\PickMeUp.Ride.API.csproj", "{C9855F9D-8DAE-48A3-8CDB-22B0C65567E1}"
EndProject
Project("{FAE04EC0-301F-11D3-BF4B-00C04F79EFBC}") = "PickMeUp.Ride.Service", "RideService\PickMeUp.Ride.Service\PickMeUp.Ride.Service.csproj", "{98DF8193-B9C4-46CA-8FAD-83BCB11CA08D}"
EndProject
Project("{FAE04EC0-301F-11D3-BF4B-00C04F79EFBC}") = "PickMeUp.Ride.Repository", "RideService\PickMeUp.Ride.Repository\PickMeUp.Ride.Repository.csproj", "{6C92886B-F159-4F7F-BE64-7A1E53CEBA42}"
EndProject
Project("{2150E333-8FDC-42A3-9474-1A3956D46DE8}") = "DriverService", "DriverService", "{762B3091-6077-4E85-8EFE-7938E8C2DE2A}"
EndProject
Project("{FAE04EC0-301F-11D3-BF4B-00C04F79EFBC}") = "PickMeUp.Driver.API", "DriverService\PickMeUp.Driver.API\PickMeUp.Driver.API.csproj", "{1A93C9A2-2EA3-43D4-A22A-57839B98973D}"
EndProject
Project("{FAE04EC0-301F-11D3-BF4B-00C04F79EFBC}") = "PickMeUp.Driver.Service", "DriverService\PickMeUp.Driver.Service\PickMeUp.Driver.Service.csproj", "{08395323-06C7-48BE-85B3-B1F7CBB3A8FE}"
EndProject
Project("{FAE04EC0-301F-11D3-BF4B-00C04F79EFBC}") = "PickMeUp.Driver.Repository", "DriverService\PickMeUp.Driver.Repository\PickMeUp.Driver.Repository.csproj", "{9AB24AA6-EABE-4BEC-9CC5-F0FA69D6C908}"
EndProject
Project("{2150E333-8FDC-42A3-9474-1A3956D46DE8}") = "PaymentService", "PaymentService", "{E22B2AD6-81DD-49E7-AE55-0022C10CA4C1}"
EndProject
Project("{FAE04EC0-301F-11D3-BF4B-00C04F79EFBC}") = "PickMeUp.Payment.API", "PaymentService\PickMeUp.Payment.API\PickMeUp.Payment.API.csproj", "{CEE3DF75-A5D6-4104-91B3-53514D315106}"
EndProject
Project("{FAE04EC0-301F-11D3-BF4B-00C04F79EFBC}") = "PickMeUp.Payment.Service", "PaymentService\PickMeUp.Payment.Service\PickMeUp.Payment.Service.csproj", "{085DF9BE-E4D9-442F-A33E-816662EBC237}"
EndProject
Project("{FAE04EC0-301F-11D3-BF4B-00C04F79EFBC}") = "PickMeUp.Payment.Repository", "PaymentService\PickMeUp.Payment.Repository\PickMeUp.Payment.Repository.csproj", "{5AD45FBB-A526-47F8-89E1-FFB1DBE644D3}"
EndProject
Project("{2150E333-8FDC-42A3-9474-1A3956D46DE8}") = "NotificationService", "NotificationService", "{424B7CB5-F892-4B21-9883-A4401045131B}"
EndProject
Project("{FAE04EC0-301F-11D3-BF4B-00C04F79EFBC}") = "PickMeUp.Notification.API", "NotificationService\PickMeUp.Notification.API\PickMeUp.Notification.API.csproj", "{E3C8805E-77CC-4503-9C63-CA8100FE67C0}"
EndProject
Project("{FAE04EC0-301F-11D3-BF4B-00C04F79EFBC}") = "PickMeUp.Notification.Service", "NotificationService\PickMeUp.Notification.Service\PickMeUp.Notification.Service.csproj", "{914A1D65-BFE8-4B80-A589-9D6EE24FF2FD}"
EndProject
Project("{FAE04EC0-301F-11D3-BF4B-00C04F79EFBC}") = "PickMeUp.Notification.Repository", "NotificationService\PickMeUp.Notification.Repository\PickMeUp.Notification.Repository.csproj", "{38072672-DFF3-478C-8AC9-7ACBC9212BDC}"
EndProject
Project("{2150E333-8FDC-42A3-9474-1A3956D46DE8}") = "RatingService", "RatingService", "{213F974A-C8DD-48C1-9186-DA1719560357}"
EndProject
Project("{FAE04EC0-301F-11D3-BF4B-00C04F79EFBC}") = "PickMeUp.Rating.API", "RatingService\PickMeUp.Rating.API\PickMeUp.Rating.API.csproj", "{25F35CBB-66BE-4751-868B-37A71D7ED312}"
EndProject
Project("{FAE04EC0-301F-11D3-BF4B-00C04F79EFBC}") = "PickMeUp.Rating.Service", "RatingService\PickMeUp.Rating.Service\PickMeUp.Rating.Service.csproj", "{C6728C2A-4960-427C-B3EA-BD0BC1709E1C}"
EndProject
Project("{FAE04EC0-301F-11D3-BF4B-00C04F79EFBC}") = "PickMeUp.Rating.Repository", "RatingService\PickMeUp.Rating.Repository\PickMeUp.Rating.Repository.csproj", "{C9D8BAF2-1C19-4C04-B1E8-A22BA0983A89}"
EndProject
Global
	GlobalSection(SolutionConfigurationPlatforms) = preSolution
		Debug|Any CPU = Debug|Any CPU
		Release|Any CPU = Release|Any CPU
	EndGlobalSection
	GlobalSection(ProjectConfigurationPlatforms) = postSolution
		{A432C642-71D4-4CC3-A4B9-E34BCDEB3CA6}.Debug|Any CPU.ActiveCfg = Debug|Any CPU
		{A432C642-71D4-4CC3-A4B9-E34BCDEB3CA6}.Debug|Any CPU.Build.0 = Debug|Any CPU
		{A432C642-71D4-4CC3-A4B9-E34BCDEB3CA6}.Release|Any CPU.ActiveCfg = Release|Any CPU
		{A432C642-71D4-4CC3-A4B9-E34BCDEB3CA6}.Release|Any CPU.Build.0 = Release|Any CPU
		{33F34343-DF8A-420E-B4D6-6F7F9224D26D}.Debug|Any CPU.ActiveCfg = Debug|Any CPU
		{33F34343-DF8A-420E-B4D6-6F7F9224D26D}.Debug|Any CPU.Build.0 = Debug|Any CPU
		{33F34343-DF8A-420E-B4D6-6F7F9224D26D}.Release|Any CPU.ActiveCfg = Release|Any CPU
		{33F34343-DF8A-420E-B4D6-6F7F9224D26D}.Release|Any CPU.Build.0 = Release|Any CPU
		{CF16C0B3-3BBD-480F-9F1D-634CEB69A9FB}.Debug|Any CPU.ActiveCfg = Debug|Any CPU
		{CF16C0B3-3BBD-480F-9F1D-634CEB69A9FB}.Debug|Any CPU.Build.0 = Debug|Any CPU
		{CF16C0B3-3BBD-480F-9F1D-634CEB69A9FB}.Release|Any CPU.ActiveCfg = Release|Any CPU
		{CF16C0B3-3BBD-480F-9F1D-634CEB69A9FB}.Release|Any CPU.Build.0 = Release|Any CPU
		{84C2701C-F413-4051-BAD3-2549A8D0572F}.Debug|Any CPU.ActiveCfg = Debug|Any CPU
		{84C2701C-F413-4051-BAD3-2549A8D0572F}.Debug|Any CPU.Build.0 = Debug|Any CPU
		{84C2701C-F413-4051-BAD3-2549A8D0572F}.Release|Any CPU.ActiveCfg = Release|Any CPU
		{84C2701C-F413-4051-BAD3-2549A8D0572F}.Release|Any CPU.Build.0 = Release|Any CPU
		{B9207E1B-4CB0-40E5-8ED6-DC6B677B747A}.Debug|Any CPU.ActiveCfg = Debug|Any CPU
		{B9207E1B-4CB0-40E5-8ED6-DC6B677B747A}.Debug|Any CPU.Build.0 = Debug|Any CPU
		{B9207E1B-4CB0-40E5-8ED6-DC6B677B747A}.Release|Any CPU.ActiveCfg = Release|Any CPU
		{B9207E1B-4CB0-40E5-8ED6-DC6B677B747A}.Release|Any CPU.Build.0 = Release|Any CPU
		{ECD007D9-407B-4B2A-AEB6-522A501AF624}.Debug|Any CPU.ActiveCfg = Debug|Any CPU
		{ECD007D9-407B-4B2A-AEB6-522A501AF624}.Debug|Any CPU.Build.0 = Debug|Any CPU
		{ECD007D9-407B-4B2A-AEB6-522A501AF624}.Release|Any CPU.ActiveCfg = Release|Any CPU
		{ECD007D9-407B-4B2A-AEB6-522A501AF624}.Release|Any CPU.Build.0 = Release|Any CPU
		{9C9D0FED-97C1-40F6-9960-21E3C01B01A3}.Debug|Any CPU.ActiveCfg = Debug|Any CPU
		{9C9D0FED-97C1-40F6-9960-21E3C01B01A3}.Debug|Any CPU.Build.0 = Debug|Any CPU
		{9C9D0FED-97C1-40F6-9960-21E3C01B01A3}.Release|Any CPU.ActiveCfg = Release|Any CPU
		{9C9D0FED-97C1-40F6-9960-21E3C01B01A3}.Release|Any CPU.Build.0 = Release|Any CPU
		{7BCD50C8-6F78-471F-9122-77B00AA24D16}.Debug|Any CPU.ActiveCfg = Debug|Any CPU
		{7BCD50C8-6F78-471F-9122-77B00AA24D16}.Debug|Any CPU.Build.0 = Debug|Any CPU
		{7BCD50C8-6F78-471F-9122-77B00AA24D16}.Release|Any CPU.ActiveCfg = Release|Any CPU
		{7BCD50C8-6F78-471F-9122-77B00AA24D16}.Release|Any CPU.Build.0 = Release|Any CPU
		{DDDE234D-39A1-4A2D-B016-5BDB687D673B}.Debug|Any CPU.ActiveCfg = Debug|Any CPU
		{DDDE234D-39A1-4A2D-B016-5BDB687D673B}.Debug|Any CPU.Build.0 = Debug|Any CPU
		{DDDE234D-39A1-4A2D-B016-5BDB687D673B}.Release|Any CPU.ActiveCfg = Release|Any CPU
		{DDDE234D-39A1-4A2D-B016-5BDB687D673B}.Release|Any CPU.Build.0 = Release|Any CPU
		{BFD5D6A1-BA12-48EF-9D3A-2A4250C95C59}.Debug|Any CPU.ActiveCfg = Debug|Any CPU
		{BFD5D6A1-BA12-48EF-9D3A-2A4250C95C59}.Debug|Any CPU.Build.0 = Debug|Any CPU
		{BFD5D6A1-BA12-48EF-9D3A-2A4250C95C59}.Release|Any CPU.ActiveCfg = Release|Any CPU
		{BFD5D6A1-BA12-48EF-9D3A-2A4250C95C59}.Release|Any CPU.Build.0 = Release|Any CPU
		{C9855F9D-8DAE-48A3-8CDB-22B0C65567E1}.Debug|Any CPU.ActiveCfg = Debug|Any CPU
		{C9855F9D-8DAE-48A3-8CDB-22B0C65567E1}.Debug|Any CPU.Build.0 = Debug|Any CPU
		{C9855F9D-8DAE-48A3-8CDB-22B0C65567E1}.Release|Any CPU.ActiveCfg = Release|Any CPU
		{C9855F9D-8DAE-48A3-8CDB-22B0C65567E1}.Release|Any CPU.Build.0 = Release|Any CPU
		{98DF8193-B9C4-46CA-8FAD-83BCB11CA08D}.Debug|Any CPU.ActiveCfg = Debug|Any CPU
		{98DF8193-B9C4-46CA-8FAD-83BCB11CA08D}.Debug|Any CPU.Build.0 = Debug|Any CPU
		{98DF8193-B9C4-46CA-8FAD-83BCB11CA08D}.Release|Any CPU.ActiveCfg = Release|Any CPU
		{98DF8193-B9C4-46CA-8FAD-83BCB11CA08D}.Release|Any CPU.Build.0 = Release|Any CPU
		{6C92886B-F159-4F7F-BE64-7A1E53CEBA42}.Debug|Any CPU.ActiveCfg = Debug|Any CPU
		{6C92886B-F159-4F7F-BE64-7A1E53CEBA42}.Debug|Any CPU.Build.0 = Debug|Any CPU
		{6C92886B-F159-4F7F-BE64-7A1E53CEBA42}.Release|Any CPU.ActiveCfg = Release|Any CPU
		{6C92886B-F159-4F7F-BE64-7A1E53CEBA42}.Release|Any CPU.Build.0 = Release|Any CPU
		{1A93C9A2-2EA3-43D4-A22A-57839B98973D}.Debug|Any CPU.ActiveCfg = Debug|Any CPU
		{1A93C9A2-2EA3-43D4-A22A-57839B98973D}.Debug|Any CPU.Build.0 = Debug|Any CPU
		{1A93C9A2-2EA3-43D4-A22A-57839B98973D}.Release|Any CPU.ActiveCfg = Release|Any CPU
		{1A93C9A2-2EA3-43D4-A22A-57839B98973D}.Release|Any CPU.Build.0 = Release|Any CPU
		{08395323-06C7-48BE-85B3-B1F7CBB3A8FE}.Debug|Any CPU.ActiveCfg = Debug|Any CPU
		{08395323-06C7-48BE-85B3-B1F7CBB3A8FE}.Debug|Any CPU.Build.0 = Debug|Any CPU
		{08395323-06C7-48BE-85B3-B1F7CBB3A8FE}.Release|Any CPU.ActiveCfg = Release|Any CPU
		{08395323-06C7-48BE-85B3-B1F7CBB3A8FE}.Release|Any CPU.Build.0 = Release|Any CPU
		{9AB24AA6-EABE-4BEC-9CC5-F0FA69D6C908}.Debug|Any CPU.ActiveCfg = Debug|Any CPU
		{9AB24AA6-EABE-4BEC-9CC5-F0FA69D6C908}.Debug|Any CPU.Build.0 = Debug|Any CPU
		{9AB24AA6-EABE-4BEC-9CC5-F0FA69D6C908}.Release|Any CPU.ActiveCfg = Release|Any CPU
		{9AB24AA6-EABE-4BEC-9CC5-F0FA69D6C908}.Release|Any CPU.Build.0 = Release|Any CPU
		{CEE3DF75-A5D6-4104-91B3-53514D315106}.Debug|Any CPU.ActiveCfg = Debug|Any CPU
		{CEE3DF75-A5D6-4104-91B3-53514D315106}.Debug|Any CPU.Build.0 = Debug|Any CPU
		{CEE3DF75-A5D6-4104-91B3-53514D315106}.Release|Any CPU.ActiveCfg = Release|Any CPU
		{CEE3DF75-A5D6-4104-91B3-53514D315106}.Release|Any CPU.Build.0 = Release|Any CPU
		{085DF9BE-E4D9-442F-A33E-816662EBC237}.Debug|Any CPU.ActiveCfg = Debug|Any CPU
		{085DF9BE-E4D9-442F-A33E-816662EBC237}.Debug|Any CPU.Build.0 = Debug|Any CPU
		{085DF9BE-E4D9-442F-A33E-816662EBC237}.Release|Any CPU.ActiveCfg = Release|Any CPU
		{085DF9BE-E4D9-442F-A33E-816662EBC237}.Release|Any CPU.Build.0 = Release|Any CPU
		{5AD45FBB-A526-47F8-89E1-FFB1DBE644D3}.Debug|Any CPU.ActiveCfg = Debug|Any CPU
		{5AD45FBB-A526-47F8-89E1-FFB1DBE644D3}.Debug|Any CPU.Build.0 = Debug|Any CPU
		{5AD45FBB-A526-47F8-89E1-FFB1DBE644D3}.Release|Any CPU.ActiveCfg = Release|Any CPU
		{5AD45FBB-A526-47F8-89E1-FFB1DBE644D3}.Release|Any CPU.Build.0 = Release|Any CPU
		{E3C8805E-77CC-4503-9C63-CA8100FE67C0}.Debug|Any CPU.ActiveCfg = Debug|Any CPU
		{E3C8805E-77CC-4503-9C63-CA8100FE67C0}.Debug|Any CPU.Build.0 = Debug|Any CPU
		{E3C8805E-77CC-4503-9C63-CA8100FE67C0}.Release|Any CPU.ActiveCfg = Release|Any CPU
		{E3C8805E-77CC-4503-9C63-CA8100FE67C0}.Release|Any CPU.Build.0 = Release|Any CPU
		{914A1D65-BFE8-4B80-A589-9D6EE24FF2FD}.Debug|Any CPU.ActiveCfg = Debug|Any CPU
		{914A1D65-BFE8-4B80-A589-9D6EE24FF2FD}.Debug|Any CPU.Build.0 = Debug|Any CPU
		{914A1D65-BFE8-4B80-A589-9D6EE24FF2FD}.Release|Any CPU.ActiveCfg = Release|Any CPU
		{914A1D65-BFE8-4B80-A589-9D6EE24FF2FD}.Release|Any CPU.Build.0 = Release|Any CPU
		{38072672-DFF3-478C-8AC9-7ACBC9212BDC}.Debug|Any CPU.ActiveCfg = Debug|Any CPU
		{38072672-DFF3-478C-8AC9-7ACBC9212BDC}.Debug|Any CPU.Build.0 = Debug|Any CPU
		{38072672-DFF3-478C-8AC9-7ACBC9212BDC}.Release|Any CPU.ActiveCfg = Release|Any CPU
		{38072672-DFF3-478C-8AC9-7ACBC9212BDC}.Release|Any CPU.Build.0 = Release|Any CPU
		{25F35CBB-66BE-4751-868B-37A71D7ED312}.Debug|Any CPU.ActiveCfg = Debug|Any CPU
		{25F35CBB-66BE-4751-868B-37A71D7ED312}.Debug|Any CPU.Build.0 = Debug|Any CPU
		{25F35CBB-66BE-4751-868B-37A71D7ED312}.Release|Any CPU.ActiveCfg = Release|Any CPU
		{25F35CBB-66BE-4751-868B-37A71D7ED312}.Release|Any CPU.Build.0 = Release|Any CPU
		{C6728C2A-4960-427C-B3EA-BD0BC1709E1C}.Debug|Any CPU.ActiveCfg = Debug|Any CPU
		{C6728C2A-4960-427C-B3EA-BD0BC1709E1C}.Debug|Any CPU.Build.0 = Debug|Any CPU
		{C6728C2A-4960-427C-B3EA-BD0BC1709E1C}.Release|Any CPU.ActiveCfg = Release|Any CPU
		{C6728C2A-4960-427C-B3EA-BD0BC1709E1C}.Release|Any CPU.Build.0 = Release|Any CPU
		{C9D8BAF2-1C19-4C04-B1E8-A22BA0983A89}.Debug|Any CPU.ActiveCfg = Debug|Any CPU
		{C9D8BAF2-1C19-4C04-B1E8-A22BA0983A89}.Debug|Any CPU.Build.0 = Debug|Any CPU
		{C9D8BAF2-1C19-4C04-B1E8-A22BA0983A89}.Release|Any CPU.ActiveCfg = Release|Any CPU
		{C9D8BAF2-1C19-4C04-B1E8-A22BA0983A89}.Release|Any CPU.Build.0 = Release|Any CPU
	EndGlobalSection
	GlobalSection(SolutionProperties) = preSolution
		HideSolutionNode = FALSE
	EndGlobalSection
	GlobalSection(NestedProjects) = preSolution
		{CF16C0B3-3BBD-480F-9F1D-634CEB69A9FB} = {F807C71C-430B-4304-9DE6-B0CB9034E8A2}
		{84C2701C-F413-4051-BAD3-2549A8D0572F} = {F807C71C-430B-4304-9DE6-B0CB9034E8A2}
		{B9207E1B-4CB0-40E5-8ED6-DC6B677B747A} = {F807C71C-430B-4304-9DE6-B0CB9034E8A2}
		{9C9D0FED-97C1-40F6-9960-21E3C01B01A3} = {1224054D-DD2A-45F1-A055-34B8BD8ECF1F}
		{7BCD50C8-6F78-471F-9122-77B00AA24D16} = {1224054D-DD2A-45F1-A055-34B8BD8ECF1F}
		{DDDE234D-39A1-4A2D-B016-5BDB687D673B} = {1224054D-DD2A-45F1-A055-34B8BD8ECF1F}
		{C9855F9D-8DAE-48A3-8CDB-22B0C65567E1} = {139056F3-B982-48FF-8810-665123775943}
		{98DF8193-B9C4-46CA-8FAD-83BCB11CA08D} = {139056F3-B982-48FF-8810-665123775943}
		{6C92886B-F159-4F7F-BE64-7A1E53CEBA42} = {139056F3-B982-48FF-8810-665123775943}
		{1A93C9A2-2EA3-43D4-A22A-57839B98973D} = {762B3091-6077-4E85-8EFE-7938E8C2DE2A}
		{08395323-06C7-48BE-85B3-B1F7CBB3A8FE} = {762B3091-6077-4E85-8EFE-7938E8C2DE2A}
		{9AB24AA6-EABE-4BEC-9CC5-F0FA69D6C908} = {762B3091-6077-4E85-8EFE-7938E8C2DE2A}
		{CEE3DF75-A5D6-4104-91B3-53514D315106} = {E22B2AD6-81DD-49E7-AE55-0022C10CA4C1}
		{085DF9BE-E4D9-442F-A33E-816662EBC237} = {E22B2AD6-81DD-49E7-AE55-0022C10CA4C1}
		{5AD45FBB-A526-47F8-89E1-FFB1DBE644D3} = {E22B2AD6-81DD-49E7-AE55-0022C10CA4C1}
		{E3C8805E-77CC-4503-9C63-CA8100FE67C0} = {424B7CB5-F892-4B21-9883-A4401045131B}
		{914A1D65-BFE8-4B80-A589-9D6EE24FF2FD} = {424B7CB5-F892-4B21-9883-A4401045131B}
		{38072672-DFF3-478C-8AC9-7ACBC9212BDC} = {424B7CB5-F892-4B21-9883-A4401045131B}
		{25F35CBB-66BE-4751-868B-37A71D7ED312} = {213F974A-C8DD-48C1-9186-DA1719560357}
		{C6728C2A-4960-427C-B3EA-BD0BC1709E1C} = {213F974A-C8DD-48C1-9186-DA1719560357}
		{C9D8BAF2-1C19-4C04-B1E8-A22BA0983A89} = {213F974A-C8DD-48C1-9186-DA1719560357}
	EndGlobalSection
	GlobalSection(ExtensibilityGlobals) = postSolution
		SolutionGuid = {7F42A1FD-FAE7-4AC4-9132-CDEA90A1EFF8}
	EndGlobalSection
EndGlobal
